
Microsoft Visual Studio Solution File, Format Version 12.00
# Visual Studio Version 17
VisualStudioVersion = 17.14.36414.22 d17.14
MinimumVisualStudioVersion = 10.0.40219.1
Project("{FAE04EC0-301F-11D3-BF4B-00C04F79EFBC}") = "ConsoleApp", "ConsoleApp.csproj", "{7EF34F93-49EB-4CB2-BEF0-765360DAC005}"
EndProject
Global
	GlobalSection(SolutionConfigurationPlatforms) = preSolution
		Debug|Any CPU = Debug|Any CPU
		Release|Any CPU = Release|Any CPU
	EndGlobalSection
	GlobalSection(ProjectConfigurationPlatforms) = postSolution
		{7EF34F93-49EB-4CB2-BEF0-765360DAC005}.Debug|Any CPU.ActiveCfg = Debug|Any CPU
		{7EF34F93-49EB-4CB2-BEF0-765360DAC005}.Debug|Any CPU.Build.0 = Debug|Any CPU
		{7EF34F93-49EB-4CB2-BEF0-765360DAC005}.Release|Any CPU.ActiveCfg = Release|Any CPU
		{7EF34F93-49EB-4CB2-BEF0-765360DAC005}.Release|Any CPU.Build.0 = Release|Any CPU
	EndGlobalSection
	GlobalSection(SolutionProperties) = preSolution
		HideSolutionNode = FALSE
	EndGlobalSection
	GlobalSection(ExtensibilityGlobals) = postSolution
		SolutionGuid = {11471B6F-D8E0-4709-AE8A-E4365E0CAC64}
	EndGlobalSection
EndGlobal
